
Microsoft Visual Studio Solution File, Format Version 12.00
# Visual Studio Version 17
VisualStudioVersion = 17.0.32126.317
MinimumVisualStudioVersion = 10.0.40219.1
Project("{FAE04EC0-301F-11D3-BF4B-00C04F79EFBC}") = "Robot", "Robot.csproj", "{C91B1B52-52B4-4554-8083-C839DC9E9527}"
EndProject
Project("{FAE04EC0-301F-11D3-BF4B-00C04F79EFBC}") = "TestingRob", "..\TestingRob\TestingRob.csproj", "{2BB48C83-55EB-4F1A-BC68-C602D26B444C}"
EndProject
Global
	GlobalSection(SolutionConfigurationPlatforms) = preSolution
		Debug|Any CPU = Debug|Any CPU
		Release|Any CPU = Release|Any CPU
	EndGlobalSection
	GlobalSection(ProjectConfigurationPlatforms) = postSolution
		{C91B1B52-52B4-4554-8083-C839DC9E9527}.Debug|Any CPU.ActiveCfg = Debug|Any CPU
		{C91B1B52-52B4-4554-8083-C839DC9E9527}.Debug|Any CPU.Build.0 = Debug|Any CPU
		{C91B1B52-52B4-4554-8083-C839DC9E9527}.Release|Any CPU.ActiveCfg = Release|Any CPU
		{C91B1B52-52B4-4554-8083-C839DC9E9527}.Release|Any CPU.Build.0 = Release|Any CPU
		{2BB48C83-55EB-4F1A-BC68-C602D26B444C}.Debug|Any CPU.ActiveCfg = Debug|Any CPU
		{2BB48C83-55EB-4F1A-BC68-C602D26B444C}.Debug|Any CPU.Build.0 = Debug|Any CPU
		{2BB48C83-55EB-4F1A-BC68-C602D26B444C}.Release|Any CPU.ActiveCfg = Release|Any CPU
		{2BB48C83-55EB-4F1A-BC68-C602D26B444C}.Release|Any CPU.Build.0 = Release|Any CPU
	EndGlobalSection
	GlobalSection(SolutionProperties) = preSolution
		HideSolutionNode = FALSE
	EndGlobalSection
	GlobalSection(ExtensibilityGlobals) = postSolution
		SolutionGuid = {C346F208-C0E9-4493-9220-73BE1CD206C3}
	EndGlobalSection
EndGlobal
